
Microsoft Visual Studio Solution File, Format Version 12.00
# Visual Studio Version 17
VisualStudioVersion = 17.0.31912.275
MinimumVisualStudioVersion = 10.0.40219.1
Project("{9A19103F-16F7-4668-BE54-9A1E7A4F7556}") = "HoveniersAdministratieNew", "HoveniersAdministratieNew\HoveniersAdministratieNew.csproj", "{0A538C4E-ED22-4AEF-A5B5-CBC0FFC772FB}"
EndProject
Project("{FAE04EC0-301F-11D3-BF4B-00C04F79EFBC}") = "ClassLibrary", "ClassLibrary\ClassLibrary.csproj", "{1A650E5C-708A-460F-9DF2-CDC1174327D9}"
EndProject
Global
	GlobalSection(SolutionConfigurationPlatforms) = preSolution
		Debug|Any CPU = Debug|Any CPU
		Release|Any CPU = Release|Any CPU
	EndGlobalSection
	GlobalSection(ProjectConfigurationPlatforms) = postSolution
		{0A538C4E-ED22-4AEF-A5B5-CBC0FFC772FB}.Debug|Any CPU.ActiveCfg = Debug|Any CPU
		{0A538C4E-ED22-4AEF-A5B5-CBC0FFC772FB}.Debug|Any CPU.Build.0 = Debug|Any CPU
		{0A538C4E-ED22-4AEF-A5B5-CBC0FFC772FB}.Release|Any CPU.ActiveCfg = Release|Any CPU
		{0A538C4E-ED22-4AEF-A5B5-CBC0FFC772FB}.Release|Any CPU.Build.0 = Release|Any CPU
		{1A650E5C-708A-460F-9DF2-CDC1174327D9}.Debug|Any CPU.ActiveCfg = Debug|Any CPU
		{1A650E5C-708A-460F-9DF2-CDC1174327D9}.Debug|Any CPU.Build.0 = Debug|Any CPU
		{1A650E5C-708A-460F-9DF2-CDC1174327D9}.Release|Any CPU.ActiveCfg = Release|Any CPU
		{1A650E5C-708A-460F-9DF2-CDC1174327D9}.Release|Any CPU.Build.0 = Release|Any CPU
	EndGlobalSection
	GlobalSection(SolutionProperties) = preSolution
		HideSolutionNode = FALSE
	EndGlobalSection
	GlobalSection(ExtensibilityGlobals) = postSolution
		SolutionGuid = {9C48BAF4-E535-4AF4-AF37-F4134CE31017}
	EndGlobalSection
EndGlobal
